{
  "name": "@audio/amp",
  "version": "1.0.0",
  "lockfileVersion": 3,
  "requires": true,
  "packages": {
    "": {
      "name": "@audio/amp",
      "version": "1.0.0",
      "license": "MIT",
      "workspaces": [
        "packages/*"
      ],
      "dependencies": {
        "@audio/amp-cabinet": "^1.0.0",
        "@audio/amp-tube": "^1.0.0"
      },
      "devDependencies": {
        "tst": "^9.4.0"
      },
      "engines": {
        "node": ">=18"
      }
    },
    "../reverb/packages/reverb-convolution": {
      "name": "@audio/reverb-convolution",
      "version": "1.0.0",
      "license": "MIT",
      "dependencies": {
        "fourier-transform": "^2.2.0"
      },
      "engines": {
        "node": ">=18"
      }
    },
    "../saturate/packages/saturate-tube": {
      "name": "@audio/saturate-tube",
      "version": "1.0.0",
      "license": "MIT",
      "dependencies": {
        "@audio/saturate-core": "^1.0.0"
      },
      "engines": {
        "node": ">=18"
      }
    },
    "node_modules/@audio/amp-cabinet": {
      "resolved": "packages/amp-cabinet",
      "link": true
    },
    "node_modules/@audio/amp-tube": {
      "resolved": "packages/amp-tube",
      "link": true
    },
    "node_modules/@audio/reverb-convolution": {
      "resolved": "../reverb/packages/reverb-convolution",
      "link": true
    },
    "node_modules/@audio/saturate-tube": {
      "resolved": "../saturate/packages/saturate-tube",
      "link": true
    },
    "node_modules/digital-filter": {
      "version": "2.3.1",
      "resolved": "https://registry.npmjs.org/digital-filter/-/digital-filter-2.3.1.tgz",
      "integrity": "sha512-KzcWuhDLTt2lKFF4KZCrHSPOqHBTH+CxZwWDO0coqNTKiYyxgIwoTAuIQj1F8nFgwnCKomgwOXU62YCfsYVshg==",
      "license": "MIT",
      "engines": {
        "node": ">=18"
      }
    },
    "node_modules/tst": {
      "version": "9.4.0",
      "resolved": "https://registry.npmjs.org/tst/-/tst-9.4.0.tgz",
      "integrity": "sha512-LFC1yasMqhvL9hBJdA07nozlfS1RGy/7uiBCwRZcQH9zB4+n7XpxwYszzK//WQ2JVOLAUgU3d8ABEcrFLZE0vg==",
      "dev": true,
      "license": "MIT"
    },
    "packages/amp-cabinet": {
      "name": "@audio/amp-cabinet",
      "version": "1.0.0",
      "license": "MIT",
      "dependencies": {
        "@audio/reverb-convolution": "file:../../../reverb/packages/reverb-convolution",
        "digital-filter": "^2.0.0"
      },
      "engines": {
        "node": ">=18"
      }
    },
    "packages/amp-tube": {
      "name": "@audio/amp-tube",
      "version": "1.0.0",
      "license": "MIT",
      "dependencies": {
        "@audio/saturate-tube": "file:../../../saturate/packages/saturate-tube",
        "digital-filter": "^2.0.0"
      },
      "engines": {
        "node": ">=18"
      }
    }
  }
}
