{
  "name": "@audio/amp",
  "version": "1.0.0",
  "lockfileVersion": 3,
  "requires": true,
  "packages": {
    "": {
      "name": "@audio/amp",
      "version": "1.0.0",
      "license": "MIT",
      "workspaces": [
        "packages/*"
      ],
      "dependencies": {
        "@audio/amp-cabinet": "^1.0.0",
        "@audio/amp-tube": "^1.0.0"
      },
      "devDependencies": {
        "tst": "^9.4.0"
      },
      "engines": {
        "node": ">=18"
      }
    },
    "node_modules/@audio/amp-cabinet": {
      "resolved": "packages/amp-cabinet",
      "link": true
    },
    "node_modules/@audio/amp-tube": {
      "resolved": "packages/amp-tube",
      "link": true
    },
    "node_modules/@audio/resample-sinc": {
      "version": "1.0.0",
      "resolved": "https://registry.npmjs.org/@audio/resample-sinc/-/resample-sinc-1.0.0.tgz",
      "integrity": "sha512-cQfLQYUpWmWqn/Wpy5e0ABhffJsxK99+MX9ckmJIUj2F9bhV1wQbcNKXWK5G+Kq7fUfHBOAlRrBgEq6U/Jhhxw==",
      "license": "MIT",
      "engines": {
        "node": ">=18"
      }
    },
    "node_modules/@audio/reverb-convolution": {
      "version": "1.0.0",
      "resolved": "https://registry.npmjs.org/@audio/reverb-convolution/-/reverb-convolution-1.0.0.tgz",
      "integrity": "sha512-dNiOWLLFR6saaxl7L7LoGjFPxNYdFo0RqXBGSFSEZECa5sl+9pDV/TJ132hq0x/sibVjioGzPRoUXuYksiHiFQ==",
      "license": "MIT",
      "dependencies": {
        "fourier-transform": "^2.2.0"
      },
      "engines": {
        "node": ">=18"
      }
    },
    "node_modules/@audio/saturate-core": {
      "version": "1.0.0",
      "resolved": "https://registry.npmjs.org/@audio/saturate-core/-/saturate-core-1.0.0.tgz",
      "integrity": "sha512-eF73yQ/FGDQC3B/n6nn3BvA4lQum/N7yGcwmX5isop6cH5GbPCVQ/dBv0MmQ2/Gj27KCnWwjMi7NJuPqhG8+WQ==",
      "license": "MIT",
      "dependencies": {
        "@audio/resample-sinc": "^1.0.0"
      },
      "engines": {
        "node": ">=18"
      }
    },
    "node_modules/@audio/saturate-tube": {
      "version": "1.0.0",
      "resolved": "https://registry.npmjs.org/@audio/saturate-tube/-/saturate-tube-1.0.0.tgz",
      "integrity": "sha512-buNtbUrUY1q4cVbE9Bg4hUsigBCw1mO0wL1fDHGsgS1amAGICrXd1MXvTnzzLhMrvUtmGd796UQ2Hol+eTRMHQ==",
      "license": "MIT",
      "dependencies": {
        "@audio/saturate-core": "^1.0.0"
      },
      "engines": {
        "node": ">=18"
      }
    },
    "node_modules/digital-filter": {
      "version": "2.3.1",
      "resolved": "https://registry.npmjs.org/digital-filter/-/digital-filter-2.3.1.tgz",
      "integrity": "sha512-KzcWuhDLTt2lKFF4KZCrHSPOqHBTH+CxZwWDO0coqNTKiYyxgIwoTAuIQj1F8nFgwnCKomgwOXU62YCfsYVshg==",
      "license": "MIT",
      "engines": {
        "node": ">=18"
      }
    },
    "node_modules/fourier-transform": {
      "version": "2.3.0",
      "resolved": "https://registry.npmjs.org/fourier-transform/-/fourier-transform-2.3.0.tgz",
      "integrity": "sha512-+Ki9tVP1a/1R3svMxeAFOr2FEQhjFdB9szYh2I8IEAUzSUbkV5K/e4hcPVNSjonUllImheK0O/Hoy/VPby6Iig==",
      "license": "MIT"
    },
    "node_modules/tst": {
      "version": "9.4.0",
      "resolved": "https://registry.npmjs.org/tst/-/tst-9.4.0.tgz",
      "integrity": "sha512-LFC1yasMqhvL9hBJdA07nozlfS1RGy/7uiBCwRZcQH9zB4+n7XpxwYszzK//WQ2JVOLAUgU3d8ABEcrFLZE0vg==",
      "dev": true,
      "license": "MIT"
    },
    "packages/amp-cabinet": {
      "name": "@audio/amp-cabinet",
      "version": "1.0.0",
      "license": "MIT",
      "dependencies": {
        "@audio/reverb-convolution": "^1.0.0",
        "digital-filter": "^2.0.0"
      },
      "engines": {
        "node": ">=18"
      }
    },
    "packages/amp-tube": {
      "name": "@audio/amp-tube",
      "version": "1.0.0",
      "license": "MIT",
      "dependencies": {
        "@audio/saturate-tube": "^1.0.0",
        "digital-filter": "^2.0.0"
      },
      "engines": {
        "node": ">=18"
      }
    }
  }
}
