{
  "name": "@audio/amp",
  "version": "1.0.2",
  "lockfileVersion": 3,
  "requires": true,
  "packages": {
    "": {
      "name": "@audio/amp",
      "version": "1.0.2",
      "license": "MIT",
      "workspaces": [
        "packages/*"
      ],
      "dependencies": {
        "@audio/amp-cabinet": "^1.0.0",
        "@audio/amp-tube": "^1.0.0"
      },
      "devDependencies": {
        "tst": "^9.4.0"
      },
      "engines": {
        "node": ">=18"
      },
      "funding": {
        "url": "https://github.com/sponsors/audiojs"
      }
    },
    "node_modules/@audio/amp-cabinet": {
      "resolved": "packages/amp-cabinet",
      "link": true
    },
    "node_modules/@audio/amp-tube": {
      "resolved": "packages/amp-tube",
      "link": true
    },
    "node_modules/@audio/biquad": {
      "version": "1.2.0",
      "resolved": "https://registry.npmjs.org/@audio/biquad/-/biquad-1.2.0.tgz",
      "integrity": "sha512-2ya/NSmXFHWvHR9mJhIchO8DT0aCVfaX6cq9rxUp8MHU39ODJdrQ0vpoNZZjnIJQjFZI8s3qzFxD1MDOLWuSyQ==",
      "license": "MIT",
      "engines": {
        "node": ">=18"
      }
    },
    "node_modules/@audio/resample-sinc": {
      "version": "1.1.1",
      "resolved": "https://registry.npmjs.org/@audio/resample-sinc/-/resample-sinc-1.1.1.tgz",
      "integrity": "sha512-yaeNtuiHa2lhow3N6gLhVjcuT91EoXW3T5kLppNB4qY5MRczcSuBAv+6cSvr+RjRoS9XLZCsbz2JY/TJ+zGJWg==",
      "license": "MIT",
      "engines": {
        "node": ">=18"
      }
    },
    "node_modules/@audio/reverb-convolution": {
      "version": "1.0.0",
      "resolved": "https://registry.npmjs.org/@audio/reverb-convolution/-/reverb-convolution-1.0.0.tgz",
      "integrity": "sha512-dNiOWLLFR6saaxl7L7LoGjFPxNYdFo0RqXBGSFSEZECa5sl+9pDV/TJ132hq0x/sibVjioGzPRoUXuYksiHiFQ==",
      "license": "MIT",
      "dependencies": {
        "fourier-transform": "^2.2.0"
      },
      "engines": {
        "node": ">=18"
      }
    },
    "node_modules/@audio/saturate-tube": {
      "version": "1.0.4",
      "resolved": "https://registry.npmjs.org/@audio/saturate-tube/-/saturate-tube-1.0.4.tgz",
      "integrity": "sha512-Rq5uzR87/SklqT3Cr+f7EuN1iyl3a72kXA1d1dxWcj7oWLuWmHYl2p7ioIPvyL40km4G8uxUtwkx4rsUS2i7FA==",
      "license": "MIT",
      "dependencies": {
        "@audio/resample-sinc": "^1.0.0"
      },
      "engines": {
        "node": ">=18"
      }
    },
    "node_modules/fourier-transform": {
      "version": "2.4.0",
      "resolved": "https://registry.npmjs.org/fourier-transform/-/fourier-transform-2.4.0.tgz",
      "integrity": "sha512-B7pQ7faDJGPJcFy08OtSlbr5wkMr9eVDZOHg8q2wBDCVOpVrO5+lTcPGobx+XxdG3G9vAV57jehcChaAqrDlew==",
      "license": "MIT"
    },
    "node_modules/tst": {
      "version": "9.4.0",
      "resolved": "https://registry.npmjs.org/tst/-/tst-9.4.0.tgz",
      "integrity": "sha512-LFC1yasMqhvL9hBJdA07nozlfS1RGy/7uiBCwRZcQH9zB4+n7XpxwYszzK//WQ2JVOLAUgU3d8ABEcrFLZE0vg==",
      "dev": true,
      "license": "MIT"
    },
    "packages/amp-cabinet": {
      "name": "@audio/amp-cabinet",
      "version": "1.2.4",
      "license": "MIT",
      "dependencies": {
        "@audio/biquad": "^1.1.0",
        "@audio/reverb-convolution": "^1.0.0"
      },
      "engines": {
        "node": ">=18"
      },
      "funding": {
        "url": "https://github.com/sponsors/audiojs"
      }
    },
    "packages/amp-tube": {
      "name": "@audio/amp-tube",
      "version": "1.2.4",
      "license": "MIT",
      "dependencies": {
        "@audio/biquad": "^1.1.0",
        "@audio/saturate-tube": "^1.0.0"
      },
      "engines": {
        "node": ">=18"
      },
      "funding": {
        "url": "https://github.com/sponsors/audiojs"
      }
    }
  }
}
